// !$*UTF8*$!
{
	archiveVersion = 1;
	classes = {
	};
	objectVersion = 56;
	objects = {

/* Begin PBXBuildFile section */
		EF4D53F02B78D0A6001D39D2 /* AppDelegate.swift in Sources */ = {isa = PBXBuildFile; fileRef = EF4D53EF2B78D0A6001D39D2 /* AppDelegate.swift */; };
		EF4D53F22B78D0A6001D39D2 /* SceneDelegate.swift in Sources */ = {isa = PBXBuildFile; fileRef = EF4D53F12B78D0A6001D39D2 /* SceneDelegate.swift */; };
		EF4D53F42B78D0A6001D39D2 /* ViewController.swift in Sources */ = {isa = PBXBuildFile; fileRef = EF4D53F32B78D0A6001D39D2 /* ViewController.swift */; };
		EF4D53F72B78D0A6001D39D2 /* Main.storyboard in Resources */ = {isa = PBXBuildFile; fileRef = EF4D53F52B78D0A6001D39D2 /* Main.storyboard */; };
		EF4D53F92B78D0A8001D39D2 /* Assets.xcassets in Resources */ = {isa = PBXBuildFile; fileRef = EF4D53F82B78D0A8001D39D2 /* Assets.xcassets */; };
		EF4D53FC2B78D0A8001D39D2 /* LaunchScreen.storyboard in Resources */ = {isa = PBXBuildFile; fileRef = EF4D53FA2B78D0A8001D39D2 /* LaunchScreen.storyboard */; };
		EF4D54062B78D7EE001D39D2 /* HomeVC.swift in Sources */ = {isa = PBXBuildFile; fileRef = EF4D54042B78D7EE001D39D2 /* HomeVC.swift */; };
		EF4D54072B78D7EE001D39D2 /* HomeVC.xib in Resources */ = {isa = PBXBuildFile; fileRef = EF4D54052B78D7EE001D39D2 /* HomeVC.xib */; };
		EF4D540B2B78D81C001D39D2 /* MoreVC.swift in Sources */ = {isa = PBXBuildFile; fileRef = EF4D54092B78D81C001D39D2 /* MoreVC.swift */; };
		EF4D540C2B78D81C001D39D2 /* MoreVC.xib in Resources */ = {isa = PBXBuildFile; fileRef = EF4D540A2B78D81C001D39D2 /* MoreVC.xib */; };
/* End PBXBuildFile section */

/* Begin PBXFileReference section */
		EF4D53EC2B78D0A6001D39D2 /* testGit.app */ = {isa = PBXFileReference; explicitFileType = wrapper.application; includeInIndex = 0; path = testGit.app; sourceTree = BUILT_PRODUCTS_DIR; };
		EF4D53EF2B78D0A6001D39D2 /* AppDelegate.swift */ = {isa = PBXFileReference; lastKnownFileType = sourcecode.swift; path = AppDelegate.swift; sourceTree = "<group>"; };
		EF4D53F12B78D0A6001D39D2 /* SceneDelegate.swift */ = {isa = PBXFileReference; lastKnownFileType = sourcecode.swift; path = SceneDelegate.swift; sourceTree = "<group>"; };
		EF4D53F32B78D0A6001D39D2 /* ViewController.swift */ = {isa = PBXFileReference; lastKnownFileType = sourcecode.swift; path = ViewController.swift; sourceTree = "<group>"; };
		EF4D53F62B78D0A6001D39D2 /* Base */ = {isa = PBXFileReference; lastKnownFileType = file.storyboard; name = Base; path = Base.lproj/Main.storyboard; sourceTree = "<group>"; };
		EF4D53F82B78D0A8001D39D2 /* Assets.xcassets */ = {isa = PBXFileReference; lastKnownFileType = folder.assetcatalog; path = Assets.xcassets; sourceTree = "<group>"; };
		EF4D53FB2B78D0A8001D39D2 /* Base */ = {isa = PBXFileReference; lastKnownFileType = file.storyboard; name = Base; path = Base.lproj/LaunchScreen.storyboard; sourceTree = "<group>"; };
		EF4D53FD2B78D0A8001D39D2 /* Info.plist */ = {isa = PBXFileReference; lastKnownFileType = text.plist.xml; path = Info.plist; sourceTree = "<group>"; };
		EF4D54042B78D7EE001D39D2 /* HomeVC.swift */ = {isa = PBXFileReference; lastKnownFileType = sourcecode.swift; path = HomeVC.swift; sourceTree = "<group>"; };
		EF4D54052B78D7EE001D39D2 /* HomeVC.xib */ = {isa = PBXFileReference; lastKnownFileType = file.xib; path = HomeVC.xib; sourceTree = "<group>"; };
		EF4D54092B78D81C001D39D2 /* MoreVC.swift */ = {isa = PBXFileReference; lastKnownFileType = sourcecode.swift; path = MoreVC.swift; sourceTree = "<group>"; };
		EF4D540A2B78D81C001D39D2 /* MoreVC.xib */ = {isa = PBXFileReference; lastKnownFileType = file.xib; path = MoreVC.xib; sourceTree = "<group>"; };
/* End PBXFileReference section */

/* Begin PBXFrameworksBuildPhase section */
		EF4D53E92B78D0A6001D39D2 /* Frameworks */ = {
			isa = PBXFrameworksBuildPhase;
			buildActionMask = 2147483647;
			files = (
			);
			runOnlyForDeploymentPostprocessing = 0;
		};
/* End PBXFrameworksBuildPhase section */

/* Begin PBXGroup section */
		EF4D53E32B78D0A6001D39D2 = {
			isa = PBXGroup;
			children = (
				EF4D53EE2B78D0A6001D39D2 /* testGit */,
				EF4D53ED2B78D0A6001D39D2 /* Products */,
			);
			sourceTree = "<group>";
		};
		EF4D53ED2B78D0A6001D39D2 /* Products */ = {
			isa = PBXGroup;
			children = (
				EF4D53EC2B78D0A6001D39D2 /* testGit.app */,
			);
			name = Products;
			sourceTree = "<group>";
		};
		EF4D53EE2B78D0A6001D39D2 /* testGit */ = {
			isa = PBXGroup;
			children = (
				EF4D54082B78D7F4001D39D2 /* More */,
				EF4D54032B78D76B001D39D2 /* home */,
				EF4D53EF2B78D0A6001D39D2 /* AppDelegate.swift */,
				EF4D53F12B78D0A6001D39D2 /* SceneDelegate.swift */,
				EF4D53F32B78D0A6001D39D2 /* ViewController.swift */,
				EF4D53F52B78D0A6001D39D2 /* Main.storyboard */,
				EF4D53F82B78D0A8001D39D2 /* Assets.xcassets */,
				EF4D53FA2B78D0A8001D39D2 /* LaunchScreen.storyboard */,
				EF4D53FD2B78D0A8001D39D2 /* Info.plist */,
			);
			path = testGit;
			sourceTree = "<group>";
		};
		EF4D54032B78D76B001D39D2 /* home */ = {
			isa = PBXGroup;
			children = (
				EF4D54042B78D7EE001D39D2 /* HomeVC.swift */,
				EF4D54052B78D7EE001D39D2 /* HomeVC.xib */,
			);
			path = home;
			sourceTree = "<group>";
		};
		EF4D54082B78D7F4001D39D2 /* More */ = {
			isa = PBXGroup;
			children = (
				EF4D54092B78D81C001D39D2 /* MoreVC.swift */,
				EF4D540A2B78D81C001D39D2 /* MoreVC.xib */,
			);
			path = More;
			sourceTree = "<group>";
		};
/* End PBXGroup section */

/* Begin PBXNativeTarget section */
		EF4D53EB2B78D0A6001D39D2 /* testGit */ = {
			isa = PBXNativeTarget;
			buildConfigurationList = EF4D54002B78D0A8001D39D2 /* Build configuration list for PBXNativeTarget "testGit" */;
			buildPhases = (
				EF4D53E82B78D0A6001D39D2 /* Sources */,
				EF4D53E92B78D0A6001D39D2 /* Frameworks */,
				EF4D53EA2B78D0A6001D39D2 /* Resources */,
			);
			buildRules = (
			);
			dependencies = (
			);
			name = testGit;
			productName = testGit;
			productReference = EF4D53EC2B78D0A6001D39D2 /* testGit.app */;
			productType = "com.apple.product-type.application";
		};
/* End PBXNativeTarget section */

/* Begin PBXProject section */
		EF4D53E42B78D0A6001D39D2 /* Project object */ = {
			isa = PBXProject;
			attributes = {
				BuildIndependentTargetsInParallel = 1;
				LastSwiftUpdateCheck = 1520;
				LastUpgradeCheck = 1520;
				TargetAttributes = {
					EF4D53EB2B78D0A6001D39D2 = {
						CreatedOnToolsVersion = 15.2;
					};
				};
			};
			buildConfigurationList = EF4D53E72B78D0A6001D39D2 /* Build configuration list for PBXProject "testGit" */;
			compatibilityVersion = "Xcode 14.0";
			developmentRegion = en;
			hasScannedForEncodings = 0;
			knownRegions = (
				en,
				Base,
			);
			mainGroup = EF4D53E32B78D0A6001D39D2;
			productRefGroup = EF4D53ED2B78D0A6001D39D2 /* Products */;
			projectDirPath = "";
			projectRoot = "";
			targets = (
				EF4D53EB2B78D0A6001D39D2 /* testGit */,
			);
		};
/* End PBXProject section */

/* Begin PBXResourcesBuildPhase section */
		EF4D53EA2B78D0A6001D39D2 /* Resources */ = {
			isa = PBXResourcesBuildPhase;
			buildActionMask = 2147483647;
			files = (
				EF4D540C2B78D81C001D39D2 /* MoreVC.xib in Resources */,
				EF4D53FC2B78D0A8001D39D2 /* LaunchScreen.storyboard in Resources */,
				EF4D54072B78D7EE001D39D2 /* HomeVC.xib in Resources */,
				EF4D53F92B78D0A8001D39D2 /* Assets.xcassets in Resources */,
				EF4D53F72B78D0A6001D39D2 /* Main.storyboard in Resources */,
			);
			runOnlyForDeploymentPostprocessing = 0;
		};
/* End PBXResourcesBuildPhase section */

/* Begin PBXSourcesBuildPhase section */
		EF4D53E82B78D0A6001D39D2 /* Sources */ = {
			isa = PBXSourcesBuildPhase;
			buildActionMask = 2147483647;
			files = (
				EF4D53F42B78D0A6001D39D2 /* ViewController.swift in Sources */,
				EF4D54062B78D7EE001D39D2 /* HomeVC.swift in Sources */,
				EF4D53F02B78D0A6001D39D2 /* AppDelegate.swift in Sources */,
				EF4D53F22B78D0A6001D39D2 /* SceneDelegate.swift in Sources */,
				EF4D540B2B78D81C001D39D2 /* MoreVC.swift in Sources */,
			);
			runOnlyForDeploymentPostprocessing = 0;
		};
/* End PBXSourcesBuildPhase section */

/* Begin PBXVariantGroup section */
		EF4D53F52B78D0A6001D39D2 /* Main.storyboard */ = {
			isa = PBXVariantGroup;
			children = (
				EF4D53F62B78D0A6001D39D2 /* Base */,
			);
			name = Main.storyboard;
			sourceTree = "<group>";
		};
		EF4D53FA2B78D0A8001D39D2 /* LaunchScreen.storyboard */ = {
			isa = PBXVariantGroup;
			children = (
				EF4D53FB2B78D0A8001D39D2 /* Base */,
			);
			name = LaunchScreen.storyboard;
			sourceTree = "<group>";
		};
/* End PBXVariantGroup section */

/* Begin XCBuildConfiguration section */
		EF4D53FE2B78D0A8001D39D2 /* Debug */ = {
			isa = XCBuildConfiguration;
			buildSettings = {
				ALWAYS_SEARCH_USER_PATHS = NO;
				ASSETCATALOG_COMPILER_GENERATE_SWIFT_ASSET_SYMBOL_EXTENSIONS = YES;
				CLANG_ANALYZER_NONNULL = YES;
				CLANG_ANALYZER_NUMBER_OBJECT_CONVERSION = YES_AGGRESSIVE;
				CLANG_CXX_LANGUAGE_STANDARD = "gnu++20";
				CLANG_ENABLE_MODULES = YES;
				CLANG_ENABLE_OBJC_ARC = YES;
				CLANG_ENABLE_OBJC_WEAK = YES;
				CLANG_WARN_BLOCK_CAPTURE_AUTORELEASING = YES;
				CLANG_WARN_BOOL_CONVERSION = YES;
				CLANG_WARN_COMMA = YES;
				CLANG_WARN_CONSTANT_CONVERSION = YES;
				CLANG_WARN_DEPRECATED_OBJC_IMPLEMENTATIONS = YES;
				CLANG_WARN_DIRECT_OBJC_ISA_USAGE = YES_ERROR;
				CLANG_WARN_DOCUMENTATION_COMMENTS = YES;
				CLANG_WARN_EMPTY_BODY = YES;
				CLANG_WARN_ENUM_CONVERSION = YES;
				CLANG_WARN_INFINITE_RECURSION = YES;
				CLANG_WARN_INT_CONVERSION = YES;
				CLANG_WARN_NON_LITERAL_NULL_CONVERSION = YES;
				CLANG_WARN_OBJC_IMPLICIT_RETAIN_SELF = YES;
				CLANG_WARN_OBJC_LITERAL_CONVERSION = YES;
				CLANG_WARN_OBJC_ROOT_CLASS = YES_ERROR;
				CLANG_WARN_QUOTED_INCLUDE_IN_FRAMEWORK_HEADER = YES;
				CLANG_WARN_RANGE_LOOP_ANALYSIS = YES;
				CLANG_WARN_STRICT_PROTOTYPES = YES;
				CLANG_WARN_SUSPICIOUS_MOVE = YES;
				CLANG_WARN_UNGUARDED_AVAILABILITY = YES_AGGRESSIVE;
				CLANG_WARN_UNREACHABLE_CODE = YES;
				CLANG_WARN__DUPLICATE_METHOD_MATCH = YES;
				COPY_PHASE_STRIP = NO;
				DEBUG_INFORMATION_FORMAT = dwarf;
				ENABLE_STRICT_OBJC_MSGSEND = YES;
				ENABLE_TESTABILITY = YES;
				ENABLE_USER_SCRIPT_SANDBOXING = YES;
				GCC_C_LANGUAGE_STANDARD = gnu17;
				GCC_DYNAMIC_NO_PIC = NO;
				GCC_NO_COMMON_BLOCKS = YES;
				GCC_OPTIMIZATION_LEVEL = 0;
				GCC_PREPROCESSOR_DEFINITIONS = (
					"DEBUG=1",
					"$(inherited)",
				);
				GCC_WARN_64_TO_32_BIT_CONVERSION = YES;
				GCC_WARN_ABOUT_RETURN_TYPE = YES_ERROR;
				GCC_WARN_UNDECLARED_SELECTOR = YES;
				GCC_WARN_UNINITIALIZED_AUTOS = YES_AGGRESSIVE;
				GCC_WARN_UNUSED_FUNCTION = YES;
				GCC_WARN_UNUSED_VARIABLE = YES;
				IPHONEOS_DEPLOYMENT_TARGET = 17.2;
				LOCALIZATION_PREFERS_STRING_CATALOGS = YES;
				MTL_ENABLE_DEBUG_INFO = INCLUDE_SOURCE;
				MTL_FAST_MATH = YES;
				ONLY_ACTIVE_ARCH = YES;
				SDKROOT = iphoneos;
				SWIFT_ACTIVE_COMPILATION_CONDITIONS = "DEBUG $(inherited)";
				SWIFT_OPTIMIZATION_LEVEL = "-Onone";
			};
			name = Debug;
		};
		EF4D53FF2B78D0A8001D39D2 /* Release */ = {
			isa = XCBuildConfiguration;
			buildSettings = {
				ALWAYS_SEARCH_USER_PATHS = NO;
				ASSETCATALOG_COMPILER_GENERATE_SWIFT_ASSET_SYMBOL_EXTENSIONS = YES;
				CLANG_ANALYZER_NONNULL = YES;
				CLANG_ANALYZER_NUMBER_OBJECT_CONVERSION = YES_AGGRESSIVE;
				CLANG_CXX_LANGUAGE_STANDARD = "gnu++20";
				CLANG_ENABLE_MODULES = YES;
				CLANG_ENABLE_OBJC_ARC = YES;
				CLANG_ENABLE_OBJC_WEAK = YES;
				CLANG_WARN_BLOCK_CAPTURE_AUTORELEASING = YES;
				CLANG_WARN_BOOL_CONVERSION = YES;
				CLANG_WARN_COMMA = YES;
				CLANG_WARN_CONSTANT_CONVERSION = YES;
				CLANG_WARN_DEPRECATED_OBJC_IMPLEMENTATIONS = YES;
				CLANG_WARN_DIRECT_OBJC_ISA_USAGE = YES_ERROR;
				CLANG_WARN_DOCUMENTATION_COMMENTS = YES;
				CLANG_WARN_EMPTY_BODY = YES;
				CLANG_WARN_ENUM_CONVERSION = YES;
				CLANG_WARN_INFINITE_RECURSION = YES;
				CLANG_WARN_INT_CONVERSION = YES;
				CLANG_WARN_NON_LITERAL_NULL_CONVERSION = YES;
				CLANG_WARN_OBJC_IMPLICIT_RETAIN_SELF = YES;
				CLANG_WARN_OBJC_LITERAL_CONVERSION = YES;
				CLANG_WARN_OBJC_ROOT_CLASS = YES_ERROR;
				CLANG_WARN_QUOTED_INCLUDE_IN_FRAMEWORK_HEADER = YES;
				CLANG_WARN_RANGE_LOOP_ANALYSIS = YES;
				CLANG_WARN_STRICT_PROTOTYPES = YES;
				CLANG_WARN_SUSPICIOUS_MOVE = YES;
				CLANG_WARN_UNGUARDED_AVAILABILITY = YES_AGGRESSIVE;
				CLANG_WARN_UNREACHABLE_CODE = YES;
				CLANG_WARN__DUPLICATE_METHOD_MATCH = YES;
				COPY_PHASE_STRIP = NO;
				DEBUG_INFORMATION_FORMAT = "dwarf-with-dsym";
				ENABLE_NS_ASSERTIONS = NO;
				ENABLE_STRICT_OBJC_MSGSEND = YES;
				ENABLE_USER_SCRIPT_SANDBOXING = YES;
				GCC_C_LANGUAGE_STANDARD = gnu17;
				GCC_NO_COMMON_BLOCKS = YES;
				GCC_WARN_64_TO_32_BIT_CONVERSION = YES;
				GCC_WARN_ABOUT_RETURN_TYPE = YES_ERROR;
				GCC_WARN_UNDECLARED_SELECTOR = YES;
				GCC_WARN_UNINITIALIZED_AUTOS = YES_AGGRESSIVE;
				GCC_WARN_UNUSED_FUNCTION = YES;
				GCC_WARN_UNUSED_VARIABLE = YES;
				IPHONEOS_DEPLOYMENT_TARGET = 17.2;
				LOCALIZATION_PREFERS_STRING_CATALOGS = YES;
				MTL_ENABLE_DEBUG_INFO = NO;
				MTL_FAST_MATH = YES;
				SDKROOT = iphoneos;
				SWIFT_COMPILATION_MODE = wholemodule;
				VALIDATE_PRODUCT = YES;
			};
			name = Release;
		};
		EF4D54012B78D0A8001D39D2 /* Debug */ = {
			isa = XCBuildConfiguration;
			buildSettings = {
				ASSETCATALOG_COMPILER_APPICON_NAME = AppIcon;
				ASSETCATALOG_COMPILER_GLOBAL_ACCENT_COLOR_NAME = AccentColor;
				CODE_SIGN_STYLE = Automatic;
				CURRENT_PROJECT_VERSION = 1;
				GENERATE_INFOPLIST_FILE = YES;
				INFOPLIST_FILE = testGit/Info.plist;
				INFOPLIST_KEY_UIApplicationSupportsIndirectInputEvents = YES;
				INFOPLIST_KEY_UILaunchStoryboardName = LaunchScreen;
				INFOPLIST_KEY_UIMainStoryboardFile = Main;
				INFOPLIST_KEY_UISupportedInterfaceOrientations_iPad = "UIInterfaceOrientationPortrait UIInterfaceOrientationPortraitUpsideDown UIInterfaceOrientationLandscapeLeft UIInterfaceOrientationLandscapeRight";
				INFOPLIST_KEY_UISupportedInterfaceOrientations_iPhone = "UIInterfaceOrientationPortrait UIInterfaceOrientationLandscapeLeft UIInterfaceOrientationLandscapeRight";
				LD_RUNPATH_SEARCH_PATHS = (
					"$(inherited)",
					"@executable_path/Frameworks",
				);
				MARKETING_VERSION = 1.0;
				PRODUCT_BUNDLE_IDENTIFIER = com.testJimmy.testGit;
				PRODUCT_NAME = "$(TARGET_NAME)";
				SWIFT_EMIT_LOC_STRINGS = YES;
				SWIFT_VERSION = 5.0;
				TARGETED_DEVICE_FAMILY = "1,2";
			};
			name = Debug;
		};
		EF4D54022B78D0A8001D39D2 /* Release */ = {
			isa = XCBuildConfiguration;
			buildSettings = {
				ASSETCATALOG_COMPILER_APPICON_NAME = AppIcon;
				ASSETCATALOG_COMPILER_GLOBAL_ACCENT_COLOR_NAME = AccentColor;
				CODE_SIGN_STYLE = Automatic;
				CURRENT_PROJECT_VERSION = 1;
				GENERATE_INFOPLIST_FILE = YES;
				INFOPLIST_FILE = testGit/Info.plist;
				INFOPLIST_KEY_UIApplicationSupportsIndirectInputEvents = YES;
				INFOPLIST_KEY_UILaunchStoryboardName = LaunchScreen;
				INFOPLIST_KEY_UIMainStoryboardFile = Main;
				INFOPLIST_KEY_UISupportedInterfaceOrientations_iPad = "UIInterfaceOrientationPortrait UIInterfaceOrientationPortraitUpsideDown UIInterfaceOrientationLandscapeLeft UIInterfaceOrientationLandscapeRight";
				INFOPLIST_KEY_UISupportedInterfaceOrientations_iPhone = "UIInterfaceOrientationPortrait UIInterfaceOrientationLandscapeLeft UIInterfaceOrientationLandscapeRight";
				LD_RUNPATH_SEARCH_PATHS = (
					"$(inherited)",
					"@executable_path/Frameworks",
				);
				MARKETING_VERSION = 1.0;
				PRODUCT_BUNDLE_IDENTIFIER = com.testJimmy.testGit;
				PRODUCT_NAME = "$(TARGET_NAME)";
				SWIFT_EMIT_LOC_STRINGS = YES;
				SWIFT_VERSION = 5.0;
				TARGETED_DEVICE_FAMILY = "1,2";
			};
			name = Release;
		};
/* End XCBuildConfiguration section */

/* Begin XCConfigurationList section */
		EF4D53E72B78D0A6001D39D2 /* Build configuration list for PBXProject "testGit" */ = {
			isa = XCConfigurationList;
			buildConfigurations = (
				EF4D53FE2B78D0A8001D39D2 /* Debug */,
				EF4D53FF2B78D0A8001D39D2 /* Release */,
			);
			defaultConfigurationIsVisible = 0;
			defaultConfigurationName = Release;
		};
		EF4D54002B78D0A8001D39D2 /* Build configuration list for PBXNativeTarget "testGit" */ = {
			isa = XCConfigurationList;
			buildConfigurations = (
				EF4D54012B78D0A8001D39D2 /* Debug */,
				EF4D54022B78D0A8001D39D2 /* Release */,
			);
			defaultConfigurationIsVisible = 0;
			defaultConfigurationName = Release;
		};
/* End XCConfigurationList section */
	};
	rootObject = EF4D53E42B78D0A6001D39D2 /* Project object */;
}
